
Microsoft Visual Studio Solution File, Format Version 12.00
# Visual Studio 15
VisualStudioVersion = 15.0.28307.1267
MinimumVisualStudioVersion = 10.0.40219.1
Project("{FAE04EC0-301F-11D3-BF4B-00C04F79EFBC}") = "ClassPerson", "ClassPerson\ClassPerson.csproj", "{FF2D857B-3EE6-40C7-AC81-40B58C064D5C}"
EndProject
Global
	GlobalSection(SolutionConfigurationPlatforms) = preSolution
		Debug|Any CPU = Debug|Any CPU
		Release|Any CPU = Release|Any CPU
	EndGlobalSection
	GlobalSection(ProjectConfigurationPlatforms) = postSolution
		{FF2D857B-3EE6-40C7-AC81-40B58C064D5C}.Debug|Any CPU.ActiveCfg = Debug|Any CPU
		{FF2D857B-3EE6-40C7-AC81-40B58C064D5C}.Debug|Any CPU.Build.0 = Debug|Any CPU
		{FF2D857B-3EE6-40C7-AC81-40B58C064D5C}.Release|Any CPU.ActiveCfg = Release|Any CPU
		{FF2D857B-3EE6-40C7-AC81-40B58C064D5C}.Release|Any CPU.Build.0 = Release|Any CPU
	EndGlobalSection
	GlobalSection(SolutionProperties) = preSolution
		HideSolutionNode = FALSE
	EndGlobalSection
	GlobalSection(ExtensibilityGlobals) = postSolution
		SolutionGuid = {59277F60-A912-498E-89F3-BD3BF196F89D}
	EndGlobalSection
EndGlobal
